// !$*UTF8*$!
{
	archiveVersion = 1;
	classes = {
	};
	objectVersion = 50;
	objects = {

/* Begin PBXBuildFile section */
		BB5248AB228985B4003EAC44 /* LoginViewController.swift in Sources */ = {isa = PBXBuildFile; fileRef = BB5248AA228985B4003EAC44 /* LoginViewController.swift */; };
		BB5248AD228989EA003EAC44 /* AppContainerViewController.swift in Sources */ = {isa = PBXBuildFile; fileRef = BB5248AC228989EA003EAC44 /* AppContainerViewController.swift */; };
		BB5248AF22898B44003EAC44 /* AppManager.swift in Sources */ = {isa = PBXBuildFile; fileRef = BB5248AE22898B44003EAC44 /* AppManager.swift */; };
		BB99C2FA228EAD1C001EACD2 /* PostWatcher.swift in Sources */ = {isa = PBXBuildFile; fileRef = BB99C2F9228EAD1C001EACD2 /* PostWatcher.swift */; };
		BBCAD4082277118800798BFA /* GoogleService-Info.plist in Resources */ = {isa = PBXBuildFile; fileRef = BBCAD4072277118800798BFA /* GoogleService-Info.plist */; };
		BBCAD40A22771AAA00798BFA /* UploadViewController.swift in Sources */ = {isa = PBXBuildFile; fileRef = BBCAD40922771AAA00798BFA /* UploadViewController.swift */; };
		DBB7B23B3A40E895738B2F71 /* Pods_GeoPix.framework in Frameworks */ = {isa = PBXBuildFile; fileRef = 8EBEC40BF17AA1D88A76ABB1 /* Pods_GeoPix.framework */; };
		F74A9AFA228572DF0073F0AF /* PictureViewController.swift in Sources */ = {isa = PBXBuildFile; fileRef = F74A9AF9228572DF0073F0AF /* PictureViewController.swift */; };
		F7878782227C34960015E8C2 /* CustomAnnotation.swift in Sources */ = {isa = PBXBuildFile; fileRef = F7878781227C34960015E8C2 /* CustomAnnotation.swift */; };
		F7D50F3422522AFA005E1586 /* AppDelegate.swift in Sources */ = {isa = PBXBuildFile; fileRef = F7D50F3322522AFA005E1586 /* AppDelegate.swift */; };
		F7D50F3622522AFA005E1586 /* ViewController.swift in Sources */ = {isa = PBXBuildFile; fileRef = F7D50F3522522AFA005E1586 /* ViewController.swift */; };
		F7D50F3922522AFA005E1586 /* Main.storyboard in Resources */ = {isa = PBXBuildFile; fileRef = F7D50F3722522AFA005E1586 /* Main.storyboard */; };
		F7D50F3B22522AFB005E1586 /* Assets.xcassets in Resources */ = {isa = PBXBuildFile; fileRef = F7D50F3A22522AFB005E1586 /* Assets.xcassets */; };
		F7D50F3E22522AFB005E1586 /* LaunchScreen.storyboard in Resources */ = {isa = PBXBuildFile; fileRef = F7D50F3C22522AFB005E1586 /* LaunchScreen.storyboard */; };
		F7E8C4902282D85800F97A1C /* CLLocationCoordinate2d+Extension.swift in Sources */ = {isa = PBXBuildFile; fileRef = F7E8C48F2282D85800F97A1C /* CLLocationCoordinate2d+Extension.swift */; };
/* End PBXBuildFile section */

/* Begin PBXFileReference section */
		38FE84E9E70741DA798B6684 /* Pods-GeoPix.release.xcconfig */ = {isa = PBXFileReference; includeInIndex = 1; lastKnownFileType = text.xcconfig; name = "Pods-GeoPix.release.xcconfig"; path = "Pods/Target Support Files/Pods-GeoPix/Pods-GeoPix.release.xcconfig"; sourceTree = "<group>"; };
		8EBEC40BF17AA1D88A76ABB1 /* Pods_GeoPix.framework */ = {isa = PBXFileReference; explicitFileType = wrapper.framework; includeInIndex = 0; path = Pods_GeoPix.framework; sourceTree = BUILT_PRODUCTS_DIR; };
		BB5248AA228985B4003EAC44 /* LoginViewController.swift */ = {isa = PBXFileReference; lastKnownFileType = sourcecode.swift; path = LoginViewController.swift; sourceTree = "<group>"; };
		BB5248AC228989EA003EAC44 /* AppContainerViewController.swift */ = {isa = PBXFileReference; lastKnownFileType = sourcecode.swift; path = AppContainerViewController.swift; sourceTree = "<group>"; };
		BB5248AE22898B44003EAC44 /* AppManager.swift */ = {isa = PBXFileReference; lastKnownFileType = sourcecode.swift; path = AppManager.swift; sourceTree = "<group>"; };
		BB99C2F9228EAD1C001EACD2 /* PostWatcher.swift */ = {isa = PBXFileReference; fileEncoding = 4; lastKnownFileType = sourcecode.swift; path = PostWatcher.swift; sourceTree = "<group>"; };
		BBCAD4072277118800798BFA /* GoogleService-Info.plist */ = {isa = PBXFileReference; fileEncoding = 4; lastKnownFileType = text.plist.xml; path = "GoogleService-Info.plist"; sourceTree = "<group>"; };
		BBCAD40922771AAA00798BFA /* UploadViewController.swift */ = {isa = PBXFileReference; lastKnownFileType = sourcecode.swift; path = UploadViewController.swift; sourceTree = "<group>"; };
		BBE0EB6C225236F300058D36 /* Location.gpx */ = {isa = PBXFileReference; lastKnownFileType = text.xml; path = Location.gpx; sourceTree = "<group>"; };
		F74A9AF9228572DF0073F0AF /* PictureViewController.swift */ = {isa = PBXFileReference; lastKnownFileType = sourcecode.swift; path = PictureViewController.swift; sourceTree = "<group>"; };
		F7878781227C34960015E8C2 /* CustomAnnotation.swift */ = {isa = PBXFileReference; lastKnownFileType = sourcecode.swift; path = CustomAnnotation.swift; sourceTree = "<group>"; };
		F7D50F3022522AFA005E1586 /* GeoPix.app */ = {isa = PBXFileReference; explicitFileType = wrapper.application; includeInIndex = 0; path = GeoPix.app; sourceTree = BUILT_PRODUCTS_DIR; };
		F7D50F3322522AFA005E1586 /* AppDelegate.swift */ = {isa = PBXFileReference; lastKnownFileType = sourcecode.swift; path = AppDelegate.swift; sourceTree = "<group>"; };
		F7D50F3522522AFA005E1586 /* ViewController.swift */ = {isa = PBXFileReference; lastKnownFileType = sourcecode.swift; path = ViewController.swift; sourceTree = "<group>"; };
		F7D50F3822522AFA005E1586 /* Base */ = {isa = PBXFileReference; lastKnownFileType = file.storyboard; name = Base; path = Base.lproj/Main.storyboard; sourceTree = "<group>"; };
		F7D50F3A22522AFB005E1586 /* Assets.xcassets */ = {isa = PBXFileReference; lastKnownFileType = folder.assetcatalog; path = Assets.xcassets; sourceTree = "<group>"; };
		F7D50F3D22522AFB005E1586 /* Base */ = {isa = PBXFileReference; lastKnownFileType = file.storyboard; name = Base; path = Base.lproj/LaunchScreen.storyboard; sourceTree = "<group>"; };
		F7D50F3F22522AFB005E1586 /* Info.plist */ = {isa = PBXFileReference; lastKnownFileType = text.plist.xml; path = Info.plist; sourceTree = "<group>"; };
		F7E8C48F2282D85800F97A1C /* CLLocationCoordinate2d+Extension.swift */ = {isa = PBXFileReference; lastKnownFileType = sourcecode.swift; path = "CLLocationCoordinate2d+Extension.swift"; sourceTree = "<group>"; };
		FE372242751D3E85EEE8B439 /* Pods-GeoPix.debug.xcconfig */ = {isa = PBXFileReference; includeInIndex = 1; lastKnownFileType = text.xcconfig; name = "Pods-GeoPix.debug.xcconfig"; path = "Pods/Target Support Files/Pods-GeoPix/Pods-GeoPix.debug.xcconfig"; sourceTree = "<group>"; };
/* End PBXFileReference section */

/* Begin PBXFrameworksBuildPhase section */
		F7D50F2D22522AFA005E1586 /* Frameworks */ = {
			isa = PBXFrameworksBuildPhase;
			buildActionMask = 2147483647;
			files = (
				DBB7B23B3A40E895738B2F71 /* Pods_GeoPix.framework in Frameworks */,
			);
			runOnlyForDeploymentPostprocessing = 0;
		};
/* End PBXFrameworksBuildPhase section */

/* Begin PBXGroup section */
		28DEEC4D4050D469B5A33873 /* Pods */ = {
			isa = PBXGroup;
			children = (
				FE372242751D3E85EEE8B439 /* Pods-GeoPix.debug.xcconfig */,
				38FE84E9E70741DA798B6684 /* Pods-GeoPix.release.xcconfig */,
			);
			name = Pods;
			sourceTree = "<group>";
		};
		80873DF139356CD8353EF371 /* Frameworks */ = {
			isa = PBXGroup;
			children = (
				8EBEC40BF17AA1D88A76ABB1 /* Pods_GeoPix.framework */,
			);
			name = Frameworks;
			sourceTree = "<group>";
		};
		F7D50F2722522AFA005E1586 = {
			isa = PBXGroup;
			children = (
				F7D50F3222522AFA005E1586 /* GeoPix */,
				F7D50F3122522AFA005E1586 /* Products */,
				28DEEC4D4050D469B5A33873 /* Pods */,
				80873DF139356CD8353EF371 /* Frameworks */,
			);
			sourceTree = "<group>";
		};
		F7D50F3122522AFA005E1586 /* Products */ = {
			isa = PBXGroup;
			children = (
				F7D50F3022522AFA005E1586 /* GeoPix.app */,
			);
			name = Products;
			sourceTree = "<group>";
		};
		F7D50F3222522AFA005E1586 /* GeoPix */ = {
			isa = PBXGroup;
			children = (
				F7D50F3322522AFA005E1586 /* AppDelegate.swift */,
				F7D50F3522522AFA005E1586 /* ViewController.swift */,
				F74A9AF9228572DF0073F0AF /* PictureViewController.swift */,
				BBCAD40922771AAA00798BFA /* UploadViewController.swift */,
				BB99C2F9228EAD1C001EACD2 /* PostWatcher.swift */,
				F7878781227C34960015E8C2 /* CustomAnnotation.swift */,
				BB5248AA228985B4003EAC44 /* LoginViewController.swift */,
				BB5248AC228989EA003EAC44 /* AppContainerViewController.swift */,
				BB5248AE22898B44003EAC44 /* AppManager.swift */,
				F7E8C48F2282D85800F97A1C /* CLLocationCoordinate2d+Extension.swift */,
				BBE0EB6C225236F300058D36 /* Location.gpx */,
				F7D50F3722522AFA005E1586 /* Main.storyboard */,
				F7D50F3A22522AFB005E1586 /* Assets.xcassets */,
				F7D50F3C22522AFB005E1586 /* LaunchScreen.storyboard */,
				F7D50F3F22522AFB005E1586 /* Info.plist */,
				BBCAD4072277118800798BFA /* GoogleService-Info.plist */,
			);
			path = GeoPix;
			sourceTree = "<group>";
		};
/* End PBXGroup section */

/* Begin PBXNativeTarget section */
		F7D50F2F22522AFA005E1586 /* GeoPix */ = {
			isa = PBXNativeTarget;
			buildConfigurationList = F7D50F4222522AFB005E1586 /* Build configuration list for PBXNativeTarget "GeoPix" */;
			buildPhases = (
				232FCA32E43432EC7F625A3F /* [CP] Check Pods Manifest.lock */,
				F7D50F2C22522AFA005E1586 /* Sources */,
				F7D50F2D22522AFA005E1586 /* Frameworks */,
				F7D50F2E22522AFA005E1586 /* Resources */,
				DFF531541FDACA8B83A37C10 /* [CP] Embed Pods Frameworks */,
			);
			buildRules = (
			);
			dependencies = (
			);
			name = GeoPix;
			productName = GeoPix;
			productReference = F7D50F3022522AFA005E1586 /* GeoPix.app */;
			productType = "com.apple.product-type.application";
		};
/* End PBXNativeTarget section */

/* Begin PBXProject section */
		F7D50F2822522AFA005E1586 /* Project object */ = {
			isa = PBXProject;
			attributes = {
				LastSwiftUpdateCheck = 1000;
				LastUpgradeCheck = 1000;
				ORGANIZATIONNAME = "Kasper Bugge Kaspersen (s5120396)";
				TargetAttributes = {
					F7D50F2F22522AFA005E1586 = {
						CreatedOnToolsVersion = 10.0;
					};
				};
			};
			buildConfigurationList = F7D50F2B22522AFA005E1586 /* Build configuration list for PBXProject "GeoPix" */;
			compatibilityVersion = "Xcode 9.3";
			developmentRegion = en;
			hasScannedForEncodings = 0;
			knownRegions = (
				en,
				Base,
			);
			mainGroup = F7D50F2722522AFA005E1586;
			productRefGroup = F7D50F3122522AFA005E1586 /* Products */;
			projectDirPath = "";
			projectRoot = "";
			targets = (
				F7D50F2F22522AFA005E1586 /* GeoPix */,
			);
		};
/* End PBXProject section */

/* Begin PBXResourcesBuildPhase section */
		F7D50F2E22522AFA005E1586 /* Resources */ = {
			isa = PBXResourcesBuildPhase;
			buildActionMask = 2147483647;
			files = (
				F7D50F3E22522AFB005E1586 /* LaunchScreen.storyboard in Resources */,
				BBCAD4082277118800798BFA /* GoogleService-Info.plist in Resources */,
				F7D50F3B22522AFB005E1586 /* Assets.xcassets in Resources */,
				F7D50F3922522AFA005E1586 /* Main.storyboard in Resources */,
			);
			runOnlyForDeploymentPostprocessing = 0;
		};
/* End PBXResourcesBuildPhase section */

/* Begin PBXShellScriptBuildPhase section */
		232FCA32E43432EC7F625A3F /* [CP] Check Pods Manifest.lock */ = {
			isa = PBXShellScriptBuildPhase;
			buildActionMask = 2147483647;
			files = (
			);
			inputFileListPaths = (
			);
			inputPaths = (
				"${PODS_PODFILE_DIR_PATH}/Podfile.lock",
				"${PODS_ROOT}/Manifest.lock",
			);
			name = "[CP] Check Pods Manifest.lock";
			outputFileListPaths = (
			);
			outputPaths = (
				"$(DERIVED_FILE_DIR)/Pods-GeoPix-checkManifestLockResult.txt",
			);
			runOnlyForDeploymentPostprocessing = 0;
			shellPath = /bin/sh;
			shellScript = "diff \"${PODS_PODFILE_DIR_PATH}/Podfile.lock\" \"${PODS_ROOT}/Manifest.lock\" > /dev/null\nif [ $? != 0 ] ; then\n    # print error to STDERR\n    echo \"error: The sandbox is not in sync with the Podfile.lock. Run 'pod install' or update your CocoaPods installation.\" >&2\n    exit 1\nfi\n# This output is used by Xcode 'outputs' to avoid re-running this script phase.\necho \"SUCCESS\" > \"${SCRIPT_OUTPUT_FILE_0}\"\n";
			showEnvVarsInLog = 0;
		};
		DFF531541FDACA8B83A37C10 /* [CP] Embed Pods Frameworks */ = {
			isa = PBXShellScriptBuildPhase;
			buildActionMask = 2147483647;
			files = (
			);
			inputFileListPaths = (
			);
			inputPaths = (
				"${SRCROOT}/Pods/Target Support Files/Pods-GeoPix/Pods-GeoPix-frameworks.sh",
				"${BUILT_PRODUCTS_DIR}/BoringSSL-GRPC/openssl_grpc.framework",
				"${BUILT_PRODUCTS_DIR}/GTMSessionFetcher/GTMSessionFetcher.framework",
				"${BUILT_PRODUCTS_DIR}/GoogleUtilities/GoogleUtilities.framework",
				"${BUILT_PRODUCTS_DIR}/Protobuf/Protobuf.framework",
				"${BUILT_PRODUCTS_DIR}/gRPC-C++/grpcpp.framework",
				"${BUILT_PRODUCTS_DIR}/gRPC-Core/grpc.framework",
				"${BUILT_PRODUCTS_DIR}/leveldb-library/leveldb.framework",
				"${BUILT_PRODUCTS_DIR}/nanopb/nanopb.framework",
			);
			name = "[CP] Embed Pods Frameworks";
			outputFileListPaths = (
			);
			outputPaths = (
				"${TARGET_BUILD_DIR}/${FRAMEWORKS_FOLDER_PATH}/openssl_grpc.framework",
				"${TARGET_BUILD_DIR}/${FRAMEWORKS_FOLDER_PATH}/GTMSessionFetcher.framework",
				"${TARGET_BUILD_DIR}/${FRAMEWORKS_FOLDER_PATH}/GoogleUtilities.framework",
				"${TARGET_BUILD_DIR}/${FRAMEWORKS_FOLDER_PATH}/Protobuf.framework",
				"${TARGET_BUILD_DIR}/${FRAMEWORKS_FOLDER_PATH}/grpcpp.framework",
				"${TARGET_BUILD_DIR}/${FRAMEWORKS_FOLDER_PATH}/grpc.framework",
				"${TARGET_BUILD_DIR}/${FRAMEWORKS_FOLDER_PATH}/leveldb.framework",
				"${TARGET_BUILD_DIR}/${FRAMEWORKS_FOLDER_PATH}/nanopb.framework",
			);
			runOnlyForDeploymentPostprocessing = 0;
			shellPath = /bin/sh;
			shellScript = "\"${SRCROOT}/Pods/Target Support Files/Pods-GeoPix/Pods-GeoPix-frameworks.sh\"\n";
			showEnvVarsInLog = 0;
		};
/* End PBXShellScriptBuildPhase section */

/* Begin PBXSourcesBuildPhase section */
		F7D50F2C22522AFA005E1586 /* Sources */ = {
			isa = PBXSourcesBuildPhase;
			buildActionMask = 2147483647;
			files = (
				BB5248AB228985B4003EAC44 /* LoginViewController.swift in Sources */,
				F7D50F3622522AFA005E1586 /* ViewController.swift in Sources */,
				F74A9AFA228572DF0073F0AF /* PictureViewController.swift in Sources */,
				BBCAD40A22771AAA00798BFA /* UploadViewController.swift in Sources */,
				BB5248AD228989EA003EAC44 /* AppContainerViewController.swift in Sources */,
				F7E8C4902282D85800F97A1C /* CLLocationCoordinate2d+Extension.swift in Sources */,
				BB99C2FA228EAD1C001EACD2 /* PostWatcher.swift in Sources */,
				BB5248AF22898B44003EAC44 /* AppManager.swift in Sources */,
				F7D50F3422522AFA005E1586 /* AppDelegate.swift in Sources */,
				F7878782227C34960015E8C2 /* CustomAnnotation.swift in Sources */,
			);
			runOnlyForDeploymentPostprocessing = 0;
		};
/* End PBXSourcesBuildPhase section */

/* Begin PBXVariantGroup section */
		F7D50F3722522AFA005E1586 /* Main.storyboard */ = {
			isa = PBXVariantGroup;
			children = (
				F7D50F3822522AFA005E1586 /* Base */,
			);
			name = Main.storyboard;
			sourceTree = "<group>";
		};
		F7D50F3C22522AFB005E1586 /* LaunchScreen.storyboard */ = {
			isa = PBXVariantGroup;
			children = (
				F7D50F3D22522AFB005E1586 /* Base */,
			);
			name = LaunchScreen.storyboard;
			sourceTree = "<group>";
		};
/* End PBXVariantGroup section */

/* Begin XCBuildConfiguration section */
		F7D50F4022522AFB005E1586 /* Debug */ = {
			isa = XCBuildConfiguration;
			buildSettings = {
				ALWAYS_SEARCH_USER_PATHS = NO;
				CLANG_ANALYZER_NONNULL = YES;
				CLANG_ANALYZER_NUMBER_OBJECT_CONVERSION = YES_AGGRESSIVE;
				CLANG_CXX_LANGUAGE_STANDARD = "gnu++14";
				CLANG_CXX_LIBRARY = "libc++";
				CLANG_ENABLE_MODULES = YES;
				CLANG_ENABLE_OBJC_ARC = YES;
				CLANG_ENABLE_OBJC_WEAK = YES;
				CLANG_WARN_BLOCK_CAPTURE_AUTORELEASING = YES;
				CLANG_WARN_BOOL_CONVERSION = YES;
				CLANG_WARN_COMMA = YES;
				CLANG_WARN_CONSTANT_CONVERSION = YES;
				CLANG_WARN_DEPRECATED_OBJC_IMPLEMENTATIONS = YES;
				CLANG_WARN_DIRECT_OBJC_ISA_USAGE = YES_ERROR;
				CLANG_WARN_DOCUMENTATION_COMMENTS = YES;
				CLANG_WARN_EMPTY_BODY = YES;
				CLANG_WARN_ENUM_CONVERSION = YES;
				CLANG_WARN_INFINITE_RECURSION = YES;
				CLANG_WARN_INT_CONVERSION = YES;
				CLANG_WARN_NON_LITERAL_NULL_CONVERSION = YES;
				CLANG_WARN_OBJC_IMPLICIT_RETAIN_SELF = YES;
				CLANG_WARN_OBJC_LITERAL_CONVERSION = YES;
				CLANG_WARN_OBJC_ROOT_CLASS = YES_ERROR;
				CLANG_WARN_RANGE_LOOP_ANALYSIS = YES;
				CLANG_WARN_STRICT_PROTOTYPES = YES;
				CLANG_WARN_SUSPICIOUS_MOVE = YES;
				CLANG_WARN_UNGUARDED_AVAILABILITY = YES_AGGRESSIVE;
				CLANG_WARN_UNREACHABLE_CODE = YES;
				CLANG_WARN__DUPLICATE_METHOD_MATCH = YES;
				CODE_SIGN_IDENTITY = "iPhone Developer";
				COPY_PHASE_STRIP = NO;
				DEBUG_INFORMATION_FORMAT = dwarf;
				ENABLE_STRICT_OBJC_MSGSEND = YES;
				ENABLE_TESTABILITY = YES;
				GCC_C_LANGUAGE_STANDARD = gnu11;
				GCC_DYNAMIC_NO_PIC = NO;
				GCC_NO_COMMON_BLOCKS = YES;
				GCC_OPTIMIZATION_LEVEL = 0;
				GCC_PREPROCESSOR_DEFINITIONS = (
					"DEBUG=1",
					"$(inherited)",
				);
				GCC_WARN_64_TO_32_BIT_CONVERSION = YES;
				GCC_WARN_ABOUT_RETURN_TYPE = YES_ERROR;
				GCC_WARN_UNDECLARED_SELECTOR = YES;
				GCC_WARN_UNINITIALIZED_AUTOS = YES_AGGRESSIVE;
				GCC_WARN_UNUSED_FUNCTION = YES;
				GCC_WARN_UNUSED_VARIABLE = YES;
				IPHONEOS_DEPLOYMENT_TARGET = 12.0;
				MTL_ENABLE_DEBUG_INFO = INCLUDE_SOURCE;
				MTL_FAST_MATH = YES;
				ONLY_ACTIVE_ARCH = YES;
				SDKROOT = iphoneos;
				SWIFT_ACTIVE_COMPILATION_CONDITIONS = DEBUG;
				SWIFT_OPTIMIZATION_LEVEL = "-Onone";
			};
			name = Debug;
		};
		F7D50F4122522AFB005E1586 /* Release */ = {
			isa = XCBuildConfiguration;
			buildSettings = {
				ALWAYS_SEARCH_USER_PATHS = NO;
				CLANG_ANALYZER_NONNULL = YES;
				CLANG_ANALYZER_NUMBER_OBJECT_CONVERSION = YES_AGGRESSIVE;
				CLANG_CXX_LANGUAGE_STANDARD = "gnu++14";
				CLANG_CXX_LIBRARY = "libc++";
				CLANG_ENABLE_MODULES = YES;
				CLANG_ENABLE_OBJC_ARC = YES;
				CLANG_ENABLE_OBJC_WEAK = YES;
				CLANG_WARN_BLOCK_CAPTURE_AUTORELEASING = YES;
				CLANG_WARN_BOOL_CONVERSION = YES;
				CLANG_WARN_COMMA = YES;
				CLANG_WARN_CONSTANT_CONVERSION = YES;
				CLANG_WARN_DEPRECATED_OBJC_IMPLEMENTATIONS = YES;
				CLANG_WARN_DIRECT_OBJC_ISA_USAGE = YES_ERROR;
				CLANG_WARN_DOCUMENTATION_COMMENTS = YES;
				CLANG_WARN_EMPTY_BODY = YES;
				CLANG_WARN_ENUM_CONVERSION = YES;
				CLANG_WARN_INFINITE_RECURSION = YES;
				CLANG_WARN_INT_CONVERSION = YES;
				CLANG_WARN_NON_LITERAL_NULL_CONVERSION = YES;
				CLANG_WARN_OBJC_IMPLICIT_RETAIN_SELF = YES;
				CLANG_WARN_OBJC_LITERAL_CONVERSION = YES;
				CLANG_WARN_OBJC_ROOT_CLASS = YES_ERROR;
				CLANG_WARN_RANGE_LOOP_ANALYSIS = YES;
				CLANG_WARN_STRICT_PROTOTYPES = YES;
				CLANG_WARN_SUSPICIOUS_MOVE = YES;
				CLANG_WARN_UNGUARDED_AVAILABILITY = YES_AGGRESSIVE;
				CLANG_WARN_UNREACHABLE_CODE = YES;
				CLANG_WARN__DUPLICATE_METHOD_MATCH = YES;
				CODE_SIGN_IDENTITY = "iPhone Developer";
				COPY_PHASE_STRIP = NO;
				DEBUG_INFORMATION_FORMAT = "dwarf-with-dsym";
				ENABLE_NS_ASSERTIONS = NO;
				ENABLE_STRICT_OBJC_MSGSEND = YES;
				GCC_C_LANGUAGE_STANDARD = gnu11;
				GCC_NO_COMMON_BLOCKS = YES;
				GCC_WARN_64_TO_32_BIT_CONVERSION = YES;
				GCC_WARN_ABOUT_RETURN_TYPE = YES_ERROR;
				GCC_WARN_UNDECLARED_SELECTOR = YES;
				GCC_WARN_UNINITIALIZED_AUTOS = YES_AGGRESSIVE;
				GCC_WARN_UNUSED_FUNCTION = YES;
				GCC_WARN_UNUSED_VARIABLE = YES;
				IPHONEOS_DEPLOYMENT_TARGET = 12.0;
				MTL_ENABLE_DEBUG_INFO = NO;
				MTL_FAST_MATH = YES;
				SDKROOT = iphoneos;
				SWIFT_COMPILATION_MODE = wholemodule;
				SWIFT_OPTIMIZATION_LEVEL = "-O";
				VALIDATE_PRODUCT = YES;
			};
			name = Release;
		};
		F7D50F4322522AFB005E1586 /* Debug */ = {
			isa = XCBuildConfiguration;
			baseConfigurationReference = FE372242751D3E85EEE8B439 /* Pods-GeoPix.debug.xcconfig */;
			buildSettings = {
				ASSETCATALOG_COMPILER_APPICON_NAME = AppIcon;
				CODE_SIGN_STYLE = Automatic;
				INFOPLIST_FILE = GeoPix/Info.plist;
				LD_RUNPATH_SEARCH_PATHS = (
					"$(inherited)",
					"@executable_path/Frameworks",
				);
				PRODUCT_BUNDLE_IDENTIFIER = "-120396.GeoPix";
				PRODUCT_NAME = "$(TARGET_NAME)";
				SWIFT_VERSION = 4.2;
				TARGETED_DEVICE_FAMILY = "1,2";
			};
			name = Debug;
		};
		F7D50F4422522AFB005E1586 /* Release */ = {
			isa = XCBuildConfiguration;
			baseConfigurationReference = 38FE84E9E70741DA798B6684 /* Pods-GeoPix.release.xcconfig */;
			buildSettings = {
				ASSETCATALOG_COMPILER_APPICON_NAME = AppIcon;
				CODE_SIGN_STYLE = Automatic;
				INFOPLIST_FILE = GeoPix/Info.plist;
				LD_RUNPATH_SEARCH_PATHS = (
					"$(inherited)",
					"@executable_path/Frameworks",
				);
				PRODUCT_BUNDLE_IDENTIFIER = "-120396.GeoPix";
				PRODUCT_NAME = "$(TARGET_NAME)";
				SWIFT_VERSION = 4.2;
				TARGETED_DEVICE_FAMILY = "1,2";
			};
			name = Release;
		};
/* End XCBuildConfiguration section */

/* Begin XCConfigurationList section */
		F7D50F2B22522AFA005E1586 /* Build configuration list for PBXProject "GeoPix" */ = {
			isa = XCConfigurationList;
			buildConfigurations = (
				F7D50F4022522AFB005E1586 /* Debug */,
				F7D50F4122522AFB005E1586 /* Release */,
			);
			defaultConfigurationIsVisible = 0;
			defaultConfigurationName = Release;
		};
		F7D50F4222522AFB005E1586 /* Build configuration list for PBXNativeTarget "GeoPix" */ = {
			isa = XCConfigurationList;
			buildConfigurations = (
				F7D50F4322522AFB005E1586 /* Debug */,
				F7D50F4422522AFB005E1586 /* Release */,
			);
			defaultConfigurationIsVisible = 0;
			defaultConfigurationName = Release;
		};
/* End XCConfigurationList section */
	};
	rootObject = F7D50F2822522AFA005E1586 /* Project object */;
}
